
Microsoft Visual Studio Solution File, Format Version 12.00
# Visual Studio Version 17
VisualStudioVersion = 17.3.32825.248
MinimumVisualStudioVersion = 10.0.40219.1
Project("{FAE04EC0-301F-11D3-BF4B-00C04F79EFBC}") = "Ejercicio4", "Ejercicio4.csproj", "{36809D5C-E50F-4C8C-8C3C-FC5F24A31A90}"
EndProject
Global
	GlobalSection(SolutionConfigurationPlatforms) = preSolution
		Debug|Any CPU = Debug|Any CPU
		Release|Any CPU = Release|Any CPU
	EndGlobalSection
	GlobalSection(ProjectConfigurationPlatforms) = postSolution
		{36809D5C-E50F-4C8C-8C3C-FC5F24A31A90}.Debug|Any CPU.ActiveCfg = Debug|Any CPU
		{36809D5C-E50F-4C8C-8C3C-FC5F24A31A90}.Debug|Any CPU.Build.0 = Debug|Any CPU
		{36809D5C-E50F-4C8C-8C3C-FC5F24A31A90}.Release|Any CPU.ActiveCfg = Release|Any CPU
		{36809D5C-E50F-4C8C-8C3C-FC5F24A31A90}.Release|Any CPU.Build.0 = Release|Any CPU
	EndGlobalSection
	GlobalSection(SolutionProperties) = preSolution
		HideSolutionNode = FALSE
	EndGlobalSection
	GlobalSection(ExtensibilityGlobals) = postSolution
		SolutionGuid = {D893452D-6AFF-4823-BB2F-2D49E8602709}
	EndGlobalSection
EndGlobal
