
Microsoft Visual Studio Solution File, Format Version 12.00
# Visual Studio Version 17
VisualStudioVersion = 17.4.33103.184
MinimumVisualStudioVersion = 10.0.40219.1
Project("{FAE04EC0-301F-11D3-BF4B-00C04F79EFBC}") = "ControlLibrary", "ControlLibrary.csproj", "{88548D60-B3AF-4797-8FE7-2479E653FC8C}"
EndProject
Project("{FAE04EC0-301F-11D3-BF4B-00C04F79EFBC}") = "Exercise01_02", "..\Exercise01_02\Exercise01_02.csproj", "{ECDAC4E5-518D-40E2-9A5F-5257083F1A9E}"
EndProject
Project("{FAE04EC0-301F-11D3-BF4B-00C04F79EFBC}") = "Exercise03", "..\Exercise03\Exercise03.csproj", "{AB667613-FAE6-4108-8C66-E79AC6C59BD7}"
EndProject
Project("{FAE04EC0-301F-11D3-BF4B-00C04F79EFBC}") = "Exercise04", "..\Exercise04\Exercise04.csproj", "{7A49CF50-AD01-4665-89BC-52C0A12FBAEA}"
EndProject
Project("{FAE04EC0-301F-11D3-BF4B-00C04F79EFBC}") = "Exercise05", "..\Exercise05\Exercise05.csproj", "{FA513433-FAD3-4EC0-8ED1-1167205751EF}"
EndProject
Global
	GlobalSection(SolutionConfigurationPlatforms) = preSolution
		Debug|Any CPU = Debug|Any CPU
		Release|Any CPU = Release|Any CPU
	EndGlobalSection
	GlobalSection(ProjectConfigurationPlatforms) = postSolution
		{88548D60-B3AF-4797-8FE7-2479E653FC8C}.Debug|Any CPU.ActiveCfg = Debug|Any CPU
		{88548D60-B3AF-4797-8FE7-2479E653FC8C}.Debug|Any CPU.Build.0 = Debug|Any CPU
		{88548D60-B3AF-4797-8FE7-2479E653FC8C}.Release|Any CPU.ActiveCfg = Release|Any CPU
		{88548D60-B3AF-4797-8FE7-2479E653FC8C}.Release|Any CPU.Build.0 = Release|Any CPU
		{ECDAC4E5-518D-40E2-9A5F-5257083F1A9E}.Debug|Any CPU.ActiveCfg = Debug|Any CPU
		{ECDAC4E5-518D-40E2-9A5F-5257083F1A9E}.Debug|Any CPU.Build.0 = Debug|Any CPU
		{ECDAC4E5-518D-40E2-9A5F-5257083F1A9E}.Release|Any CPU.ActiveCfg = Release|Any CPU
		{ECDAC4E5-518D-40E2-9A5F-5257083F1A9E}.Release|Any CPU.Build.0 = Release|Any CPU
		{AB667613-FAE6-4108-8C66-E79AC6C59BD7}.Debug|Any CPU.ActiveCfg = Debug|Any CPU
		{AB667613-FAE6-4108-8C66-E79AC6C59BD7}.Debug|Any CPU.Build.0 = Debug|Any CPU
		{AB667613-FAE6-4108-8C66-E79AC6C59BD7}.Release|Any CPU.ActiveCfg = Release|Any CPU
		{AB667613-FAE6-4108-8C66-E79AC6C59BD7}.Release|Any CPU.Build.0 = Release|Any CPU
		{7A49CF50-AD01-4665-89BC-52C0A12FBAEA}.Debug|Any CPU.ActiveCfg = Debug|Any CPU
		{7A49CF50-AD01-4665-89BC-52C0A12FBAEA}.Debug|Any CPU.Build.0 = Debug|Any CPU
		{7A49CF50-AD01-4665-89BC-52C0A12FBAEA}.Release|Any CPU.ActiveCfg = Release|Any CPU
		{7A49CF50-AD01-4665-89BC-52C0A12FBAEA}.Release|Any CPU.Build.0 = Release|Any CPU
		{FA513433-FAD3-4EC0-8ED1-1167205751EF}.Debug|Any CPU.ActiveCfg = Debug|Any CPU
		{FA513433-FAD3-4EC0-8ED1-1167205751EF}.Debug|Any CPU.Build.0 = Debug|Any CPU
		{FA513433-FAD3-4EC0-8ED1-1167205751EF}.Release|Any CPU.ActiveCfg = Release|Any CPU
		{FA513433-FAD3-4EC0-8ED1-1167205751EF}.Release|Any CPU.Build.0 = Release|Any CPU
	EndGlobalSection
	GlobalSection(SolutionProperties) = preSolution
		HideSolutionNode = FALSE
	EndGlobalSection
	GlobalSection(ExtensibilityGlobals) = postSolution
		SolutionGuid = {B56D3D82-09B7-488F-9B9D-9BA85B8C3BD3}
	EndGlobalSection
EndGlobal
